
Microsoft Visual Studio Solution File, Format Version 12.00
# Visual Studio 15
VisualStudioVersion = 15.0.26730.10
MinimumVisualStudioVersion = 10.0.40219.1
Project("{FAE04EC0-301F-11D3-BF4B-00C04F79EFBC}") = "DevUCSharpCS-ASP_025", "DevUCSharpCS-ASP_025\DevUCSharpCS-ASP_025.csproj", "{182F6CB9-2E72-48FF-83F5-6584BC624199}"
EndProject
Global
	GlobalSection(SolutionConfigurationPlatforms) = preSolution
		Debug|Any CPU = Debug|Any CPU
		Release|Any CPU = Release|Any CPU
	EndGlobalSection
	GlobalSection(ProjectConfigurationPlatforms) = postSolution
		{182F6CB9-2E72-48FF-83F5-6584BC624199}.Debug|Any CPU.ActiveCfg = Debug|Any CPU
		{182F6CB9-2E72-48FF-83F5-6584BC624199}.Debug|Any CPU.Build.0 = Debug|Any CPU
		{182F6CB9-2E72-48FF-83F5-6584BC624199}.Release|Any CPU.ActiveCfg = Release|Any CPU
		{182F6CB9-2E72-48FF-83F5-6584BC624199}.Release|Any CPU.Build.0 = Release|Any CPU
	EndGlobalSection
	GlobalSection(SolutionProperties) = preSolution
		HideSolutionNode = FALSE
	EndGlobalSection
	GlobalSection(ExtensibilityGlobals) = postSolution
		SolutionGuid = {AB267317-6A20-4C41-BDFB-4C7BA64402A5}
	EndGlobalSection
EndGlobal
